
Microsoft Visual Studio Solution File, Format Version 12.00
# Visual Studio 2013
VisualStudioVersion = 12.0.30501.0
MinimumVisualStudioVersion = 10.0.40219.1
Project("{FAE04EC0-301F-11D3-BF4B-00C04F79EFBC}") = "WahooMobile.WinPhone", "WahooMobile\WahooMobile.WinPhone\WahooMobile.WinPhone.csproj", "{EFE9EC54-8542-4736-A574-70E8DD649F56}"
EndProject
Project("{FAE04EC0-301F-11D3-BF4B-00C04F79EFBC}") = "WahooMobile.iOS", "WahooMobile\WahooMobile.iOS\WahooMobile.iOS.csproj", "{D427DB0A-D48D-49E7-8B1D-827ACAF1A60D}"
EndProject
Project("{FAE04EC0-301F-11D3-BF4B-00C04F79EFBC}") = "WahooMobile.Android", "WahooMobile\WahooMobile.Android\WahooMobile.Android.csproj", "{BB73674A-10A7-4974-B4EB-97CE5D5D4C36}"
EndProject
Project("{D954291E-2A0B-460D-934E-DC6B0785DB48}") = "WahooMobile", "WahooMobile\WahooMobile\WahooMobile.shproj", "{D9B2BF25-0F43-4D6A-B5E7-AA96322F48E7}"
EndProject
Global
	GlobalSection(SharedMSBuildProjectFiles) = preSolution
		WahooMobile\WahooMobile\WahooMobile.projitems*{d427db0a-d48d-49e7-8b1d-827acaf1a60d}*SharedItemsImports = 4
		WahooMobile\WahooMobile\WahooMobile.projitems*{efe9ec54-8542-4736-a574-70e8dd649f56}*SharedItemsImports = 4
		WahooMobile\WahooMobile\WahooMobile.projitems*{bb73674a-10a7-4974-b4eb-97ce5d5d4c36}*SharedItemsImports = 4
		WahooMobile\WahooMobile\WahooMobile.projitems*{d9b2bf25-0f43-4d6a-b5e7-aa96322f48e7}*SharedItemsImports = 13
	EndGlobalSection
	GlobalSection(SolutionConfigurationPlatforms) = preSolution
		Ad-Hoc|Any CPU = Ad-Hoc|Any CPU
		Ad-Hoc|ARM = Ad-Hoc|ARM
		Ad-Hoc|iPhone = Ad-Hoc|iPhone
		Ad-Hoc|iPhoneSimulator = Ad-Hoc|iPhoneSimulator
		Ad-Hoc|Mixed Platforms = Ad-Hoc|Mixed Platforms
		Ad-Hoc|x86 = Ad-Hoc|x86
		AppStore|Any CPU = AppStore|Any CPU
		AppStore|ARM = AppStore|ARM
		AppStore|iPhone = AppStore|iPhone
		AppStore|iPhoneSimulator = AppStore|iPhoneSimulator
		AppStore|Mixed Platforms = AppStore|Mixed Platforms
		AppStore|x86 = AppStore|x86
		Debug|Any CPU = Debug|Any CPU
		Debug|ARM = Debug|ARM
		Debug|iPhone = Debug|iPhone
		Debug|iPhoneSimulator = Debug|iPhoneSimulator
		Debug|Mixed Platforms = Debug|Mixed Platforms
		Debug|x86 = Debug|x86
		Release|Any CPU = Release|Any CPU
		Release|ARM = Release|ARM
		Release|iPhone = Release|iPhone
		Release|iPhoneSimulator = Release|iPhoneSimulator
		Release|Mixed Platforms = Release|Mixed Platforms
		Release|x86 = Release|x86
	EndGlobalSection
	GlobalSection(ProjectConfigurationPlatforms) = postSolution
		{EFE9EC54-8542-4736-A574-70E8DD649F56}.Ad-Hoc|Any CPU.ActiveCfg = Release|Any CPU
		{EFE9EC54-8542-4736-A574-70E8DD649F56}.Ad-Hoc|Any CPU.Build.0 = Release|Any CPU
		{EFE9EC54-8542-4736-A574-70E8DD649F56}.Ad-Hoc|Any CPU.Deploy.0 = Release|Any CPU
		{EFE9EC54-8542-4736-A574-70E8DD649F56}.Ad-Hoc|ARM.ActiveCfg = Release|ARM
		{EFE9EC54-8542-4736-A574-70E8DD649F56}.Ad-Hoc|ARM.Build.0 = Release|ARM
		{EFE9EC54-8542-4736-A574-70E8DD649F56}.Ad-Hoc|ARM.Deploy.0 = Release|ARM
		{EFE9EC54-8542-4736-A574-70E8DD649F56}.Ad-Hoc|iPhone.ActiveCfg = Release|Any CPU
		{EFE9EC54-8542-4736-A574-70E8DD649F56}.Ad-Hoc|iPhoneSimulator.ActiveCfg = Release|Any CPU
		{EFE9EC54-8542-4736-A574-70E8DD649F56}.Ad-Hoc|Mixed Platforms.ActiveCfg = Release|x86
		{EFE9EC54-8542-4736-A574-70E8DD649F56}.Ad-Hoc|Mixed Platforms.Build.0 = Release|x86
		{EFE9EC54-8542-4736-A574-70E8DD649F56}.Ad-Hoc|Mixed Platforms.Deploy.0 = Release|x86
		{EFE9EC54-8542-4736-A574-70E8DD649F56}.Ad-Hoc|x86.ActiveCfg = Release|x86
		{EFE9EC54-8542-4736-A574-70E8DD649F56}.Ad-Hoc|x86.Build.0 = Release|x86
		{EFE9EC54-8542-4736-A574-70E8DD649F56}.Ad-Hoc|x86.Deploy.0 = Release|x86
		{EFE9EC54-8542-4736-A574-70E8DD649F56}.AppStore|Any CPU.ActiveCfg = Release|Any CPU
		{EFE9EC54-8542-4736-A574-70E8DD649F56}.AppStore|Any CPU.Build.0 = Release|Any CPU
		{EFE9EC54-8542-4736-A574-70E8DD649F56}.AppStore|Any CPU.Deploy.0 = Release|Any CPU
		{EFE9EC54-8542-4736-A574-70E8DD649F56}.AppStore|ARM.ActiveCfg = Release|ARM
		{EFE9EC54-8542-4736-A574-70E8DD649F56}.AppStore|ARM.Build.0 = Release|ARM
		{EFE9EC54-8542-4736-A574-70E8DD649F56}.AppStore|ARM.Deploy.0 = Release|ARM
		{EFE9EC54-8542-4736-A574-70E8DD649F56}.AppStore|iPhone.ActiveCfg = Release|Any CPU
		{EFE9EC54-8542-4736-A574-70E8DD649F56}.AppStore|iPhoneSimulator.ActiveCfg = Release|Any CPU
		{EFE9EC54-8542-4736-A574-70E8DD649F56}.AppStore|Mixed Platforms.ActiveCfg = Release|x86
		{EFE9EC54-8542-4736-A574-70E8DD649F56}.AppStore|Mixed Platforms.Build.0 = Release|x86
		{EFE9EC54-8542-4736-A574-70E8DD649F56}.AppStore|Mixed Platforms.Deploy.0 = Release|x86
		{EFE9EC54-8542-4736-A574-70E8DD649F56}.AppStore|x86.ActiveCfg = Release|x86
		{EFE9EC54-8542-4736-A574-70E8DD649F56}.AppStore|x86.Build.0 = Release|x86
		{EFE9EC54-8542-4736-A574-70E8DD649F56}.AppStore|x86.Deploy.0 = Release|x86
		{EFE9EC54-8542-4736-A574-70E8DD649F56}.Debug|Any CPU.ActiveCfg = Debug|Any CPU
		{EFE9EC54-8542-4736-A574-70E8DD649F56}.Debug|Any CPU.Build.0 = Debug|Any CPU
		{EFE9EC54-8542-4736-A574-70E8DD649F56}.Debug|Any CPU.Deploy.0 = Debug|Any CPU
		{EFE9EC54-8542-4736-A574-70E8DD649F56}.Debug|ARM.ActiveCfg = Debug|ARM
		{EFE9EC54-8542-4736-A574-70E8DD649F56}.Debug|ARM.Build.0 = Debug|ARM
		{EFE9EC54-8542-4736-A574-70E8DD649F56}.Debug|ARM.Deploy.0 = Debug|ARM
		{EFE9EC54-8542-4736-A574-70E8DD649F56}.Debug|iPhone.ActiveCfg = Debug|Any CPU
		{EFE9EC54-8542-4736-A574-70E8DD649F56}.Debug|iPhoneSimulator.ActiveCfg = Debug|Any CPU
		{EFE9EC54-8542-4736-A574-70E8DD649F56}.Debug|Mixed Platforms.ActiveCfg = Debug|x86
		{EFE9EC54-8542-4736-A574-70E8DD649F56}.Debug|Mixed Platforms.Build.0 = Debug|x86
		{EFE9EC54-8542-4736-A574-70E8DD649F56}.Debug|Mixed Platforms.Deploy.0 = Debug|x86
		{EFE9EC54-8542-4736-A574-70E8DD649F56}.Debug|x86.ActiveCfg = Debug|x86
		{EFE9EC54-8542-4736-A574-70E8DD649F56}.Debug|x86.Build.0 = Debug|x86
		{EFE9EC54-8542-4736-A574-70E8DD649F56}.Debug|x86.Deploy.0 = Debug|x86
		{EFE9EC54-8542-4736-A574-70E8DD649F56}.Release|Any CPU.ActiveCfg = Release|Any CPU
		{EFE9EC54-8542-4736-A574-70E8DD649F56}.Release|Any CPU.Build.0 = Release|Any CPU
		{EFE9EC54-8542-4736-A574-70E8DD649F56}.Release|Any CPU.Deploy.0 = Release|Any CPU
		{EFE9EC54-8542-4736-A574-70E8DD649F56}.Release|ARM.ActiveCfg = Release|ARM
		{EFE9EC54-8542-4736-A574-70E8DD649F56}.Release|ARM.Build.0 = Release|ARM
		{EFE9EC54-8542-4736-A574-70E8DD649F56}.Release|ARM.Deploy.0 = Release|ARM
		{EFE9EC54-8542-4736-A574-70E8DD649F56}.Release|iPhone.ActiveCfg = Release|Any CPU
		{EFE9EC54-8542-4736-A574-70E8DD649F56}.Release|iPhoneSimulator.ActiveCfg = Release|Any CPU
		{EFE9EC54-8542-4736-A574-70E8DD649F56}.Release|Mixed Platforms.ActiveCfg = Release|x86
		{EFE9EC54-8542-4736-A574-70E8DD649F56}.Release|Mixed Platforms.Build.0 = Release|x86
		{EFE9EC54-8542-4736-A574-70E8DD649F56}.Release|Mixed Platforms.Deploy.0 = Release|x86
		{EFE9EC54-8542-4736-A574-70E8DD649F56}.Release|x86.ActiveCfg = Release|x86
		{EFE9EC54-8542-4736-A574-70E8DD649F56}.Release|x86.Build.0 = Release|x86
		{EFE9EC54-8542-4736-A574-70E8DD649F56}.Release|x86.Deploy.0 = Release|x86
		{D427DB0A-D48D-49E7-8B1D-827ACAF1A60D}.Ad-Hoc|Any CPU.ActiveCfg = Ad-Hoc|iPhone
		{D427DB0A-D48D-49E7-8B1D-827ACAF1A60D}.Ad-Hoc|ARM.ActiveCfg = Ad-Hoc|iPhone
		{D427DB0A-D48D-49E7-8B1D-827ACAF1A60D}.Ad-Hoc|iPhone.ActiveCfg = Ad-Hoc|iPhone
		{D427DB0A-D48D-49E7-8B1D-827ACAF1A60D}.Ad-Hoc|iPhone.Build.0 = Ad-Hoc|iPhone
		{D427DB0A-D48D-49E7-8B1D-827ACAF1A60D}.Ad-Hoc|iPhone.Deploy.0 = Ad-Hoc|iPhone
		{D427DB0A-D48D-49E7-8B1D-827ACAF1A60D}.Ad-Hoc|iPhoneSimulator.ActiveCfg = Ad-Hoc|iPhoneSimulator
		{D427DB0A-D48D-49E7-8B1D-827ACAF1A60D}.Ad-Hoc|iPhoneSimulator.Build.0 = Ad-Hoc|iPhoneSimulator
		{D427DB0A-D48D-49E7-8B1D-827ACAF1A60D}.Ad-Hoc|iPhoneSimulator.Deploy.0 = Ad-Hoc|iPhoneSimulator
		{D427DB0A-D48D-49E7-8B1D-827ACAF1A60D}.Ad-Hoc|Mixed Platforms.ActiveCfg = Ad-Hoc|iPhone
		{D427DB0A-D48D-49E7-8B1D-827ACAF1A60D}.Ad-Hoc|Mixed Platforms.Build.0 = Ad-Hoc|iPhone
		{D427DB0A-D48D-49E7-8B1D-827ACAF1A60D}.Ad-Hoc|Mixed Platforms.Deploy.0 = Ad-Hoc|iPhone
		{D427DB0A-D48D-49E7-8B1D-827ACAF1A60D}.Ad-Hoc|x86.ActiveCfg = Ad-Hoc|iPhone
		{D427DB0A-D48D-49E7-8B1D-827ACAF1A60D}.AppStore|Any CPU.ActiveCfg = AppStore|iPhone
		{D427DB0A-D48D-49E7-8B1D-827ACAF1A60D}.AppStore|ARM.ActiveCfg = AppStore|iPhone
		{D427DB0A-D48D-49E7-8B1D-827ACAF1A60D}.AppStore|iPhone.ActiveCfg = AppStore|iPhone
		{D427DB0A-D48D-49E7-8B1D-827ACAF1A60D}.AppStore|iPhone.Build.0 = AppStore|iPhone
		{D427DB0A-D48D-49E7-8B1D-827ACAF1A60D}.AppStore|iPhone.Deploy.0 = AppStore|iPhone
		{D427DB0A-D48D-49E7-8B1D-827ACAF1A60D}.AppStore|iPhoneSimulator.ActiveCfg = AppStore|iPhoneSimulator
		{D427DB0A-D48D-49E7-8B1D-827ACAF1A60D}.AppStore|iPhoneSimulator.Build.0 = AppStore|iPhoneSimulator
		{D427DB0A-D48D-49E7-8B1D-827ACAF1A60D}.AppStore|iPhoneSimulator.Deploy.0 = AppStore|iPhoneSimulator
		{D427DB0A-D48D-49E7-8B1D-827ACAF1A60D}.AppStore|Mixed Platforms.ActiveCfg = AppStore|iPhone
		{D427DB0A-D48D-49E7-8B1D-827ACAF1A60D}.AppStore|Mixed Platforms.Build.0 = AppStore|iPhone
		{D427DB0A-D48D-49E7-8B1D-827ACAF1A60D}.AppStore|Mixed Platforms.Deploy.0 = AppStore|iPhone
		{D427DB0A-D48D-49E7-8B1D-827ACAF1A60D}.AppStore|x86.ActiveCfg = AppStore|iPhone
		{D427DB0A-D48D-49E7-8B1D-827ACAF1A60D}.Debug|Any CPU.ActiveCfg = Debug|iPhone
		{D427DB0A-D48D-49E7-8B1D-827ACAF1A60D}.Debug|ARM.ActiveCfg = Debug|iPhone
		{D427DB0A-D48D-49E7-8B1D-827ACAF1A60D}.Debug|iPhone.ActiveCfg = Debug|iPhone
		{D427DB0A-D48D-49E7-8B1D-827ACAF1A60D}.Debug|iPhone.Build.0 = Debug|iPhone
		{D427DB0A-D48D-49E7-8B1D-827ACAF1A60D}.Debug|iPhone.Deploy.0 = Debug|iPhone
		{D427DB0A-D48D-49E7-8B1D-827ACAF1A60D}.Debug|iPhoneSimulator.ActiveCfg = Debug|iPhoneSimulator
		{D427DB0A-D48D-49E7-8B1D-827ACAF1A60D}.Debug|iPhoneSimulator.Build.0 = Debug|iPhoneSimulator
		{D427DB0A-D48D-49E7-8B1D-827ACAF1A60D}.Debug|iPhoneSimulator.Deploy.0 = Debug|iPhoneSimulator
		{D427DB0A-D48D-49E7-8B1D-827ACAF1A60D}.Debug|Mixed Platforms.ActiveCfg = Debug|iPhone
		{D427DB0A-D48D-49E7-8B1D-827ACAF1A60D}.Debug|Mixed Platforms.Build.0 = Debug|iPhone
		{D427DB0A-D48D-49E7-8B1D-827ACAF1A60D}.Debug|Mixed Platforms.Deploy.0 = Debug|iPhone
		{D427DB0A-D48D-49E7-8B1D-827ACAF1A60D}.Debug|x86.ActiveCfg = Debug|iPhone
		{D427DB0A-D48D-49E7-8B1D-827ACAF1A60D}.Release|Any CPU.ActiveCfg = Release|iPhone
		{D427DB0A-D48D-49E7-8B1D-827ACAF1A60D}.Release|ARM.ActiveCfg = Release|iPhone
		{D427DB0A-D48D-49E7-8B1D-827ACAF1A60D}.Release|iPhone.ActiveCfg = Release|iPhone
		{D427DB0A-D48D-49E7-8B1D-827ACAF1A60D}.Release|iPhone.Build.0 = Release|iPhone
		{D427DB0A-D48D-49E7-8B1D-827ACAF1A60D}.Release|iPhone.Deploy.0 = Release|iPhone
		{D427DB0A-D48D-49E7-8B1D-827ACAF1A60D}.Release|iPhoneSimulator.ActiveCfg = Release|iPhoneSimulator
		{D427DB0A-D48D-49E7-8B1D-827ACAF1A60D}.Release|iPhoneSimulator.Build.0 = Release|iPhoneSimulator
		{D427DB0A-D48D-49E7-8B1D-827ACAF1A60D}.Release|iPhoneSimulator.Deploy.0 = Release|iPhoneSimulator
		{D427DB0A-D48D-49E7-8B1D-827ACAF1A60D}.Release|Mixed Platforms.ActiveCfg = Release|iPhone
		{D427DB0A-D48D-49E7-8B1D-827ACAF1A60D}.Release|Mixed Platforms.Build.0 = Release|iPhone
		{D427DB0A-D48D-49E7-8B1D-827ACAF1A60D}.Release|Mixed Platforms.Deploy.0 = Release|iPhone
		{D427DB0A-D48D-49E7-8B1D-827ACAF1A60D}.Release|x86.ActiveCfg = Release|iPhone
		{BB73674A-10A7-4974-B4EB-97CE5D5D4C36}.Ad-Hoc|Any CPU.ActiveCfg = Release|Any CPU
		{BB73674A-10A7-4974-B4EB-97CE5D5D4C36}.Ad-Hoc|Any CPU.Build.0 = Release|Any CPU
		{BB73674A-10A7-4974-B4EB-97CE5D5D4C36}.Ad-Hoc|Any CPU.Deploy.0 = Release|Any CPU
		{BB73674A-10A7-4974-B4EB-97CE5D5D4C36}.Ad-Hoc|ARM.ActiveCfg = Release|Any CPU
		{BB73674A-10A7-4974-B4EB-97CE5D5D4C36}.Ad-Hoc|iPhone.ActiveCfg = Release|Any CPU
		{BB73674A-10A7-4974-B4EB-97CE5D5D4C36}.Ad-Hoc|iPhoneSimulator.ActiveCfg = Release|Any CPU
		{BB73674A-10A7-4974-B4EB-97CE5D5D4C36}.Ad-Hoc|Mixed Platforms.ActiveCfg = Release|Any CPU
		{BB73674A-10A7-4974-B4EB-97CE5D5D4C36}.Ad-Hoc|Mixed Platforms.Build.0 = Release|Any CPU
		{BB73674A-10A7-4974-B4EB-97CE5D5D4C36}.Ad-Hoc|Mixed Platforms.Deploy.0 = Release|Any CPU
		{BB73674A-10A7-4974-B4EB-97CE5D5D4C36}.Ad-Hoc|x86.ActiveCfg = Release|Any CPU
		{BB73674A-10A7-4974-B4EB-97CE5D5D4C36}.AppStore|Any CPU.ActiveCfg = Release|Any CPU
		{BB73674A-10A7-4974-B4EB-97CE5D5D4C36}.AppStore|Any CPU.Build.0 = Release|Any CPU
		{BB73674A-10A7-4974-B4EB-97CE5D5D4C36}.AppStore|Any CPU.Deploy.0 = Release|Any CPU
		{BB73674A-10A7-4974-B4EB-97CE5D5D4C36}.AppStore|ARM.ActiveCfg = Release|Any CPU
		{BB73674A-10A7-4974-B4EB-97CE5D5D4C36}.AppStore|iPhone.ActiveCfg = Release|Any CPU
		{BB73674A-10A7-4974-B4EB-97CE5D5D4C36}.AppStore|iPhoneSimulator.ActiveCfg = Release|Any CPU
		{BB73674A-10A7-4974-B4EB-97CE5D5D4C36}.AppStore|Mixed Platforms.ActiveCfg = Release|Any CPU
		{BB73674A-10A7-4974-B4EB-97CE5D5D4C36}.AppStore|Mixed Platforms.Build.0 = Release|Any CPU
		{BB73674A-10A7-4974-B4EB-97CE5D5D4C36}.AppStore|Mixed Platforms.Deploy.0 = Release|Any CPU
		{BB73674A-10A7-4974-B4EB-97CE5D5D4C36}.AppStore|x86.ActiveCfg = Release|Any CPU
		{BB73674A-10A7-4974-B4EB-97CE5D5D4C36}.Debug|Any CPU.ActiveCfg = Debug|Any CPU
		{BB73674A-10A7-4974-B4EB-97CE5D5D4C36}.Debug|Any CPU.Build.0 = Debug|Any CPU
		{BB73674A-10A7-4974-B4EB-97CE5D5D4C36}.Debug|Any CPU.Deploy.0 = Debug|Any CPU
		{BB73674A-10A7-4974-B4EB-97CE5D5D4C36}.Debug|ARM.ActiveCfg = Debug|Any CPU
		{BB73674A-10A7-4974-B4EB-97CE5D5D4C36}.Debug|iPhone.ActiveCfg = Debug|Any CPU
		{BB73674A-10A7-4974-B4EB-97CE5D5D4C36}.Debug|iPhoneSimulator.ActiveCfg = Debug|Any CPU
		{BB73674A-10A7-4974-B4EB-97CE5D5D4C36}.Debug|Mixed Platforms.ActiveCfg = Debug|Any CPU
		{BB73674A-10A7-4974-B4EB-97CE5D5D4C36}.Debug|Mixed Platforms.Build.0 = Debug|Any CPU
		{BB73674A-10A7-4974-B4EB-97CE5D5D4C36}.Debug|Mixed Platforms.Deploy.0 = Debug|Any CPU
		{BB73674A-10A7-4974-B4EB-97CE5D5D4C36}.Debug|x86.ActiveCfg = Debug|Any CPU
		{BB73674A-10A7-4974-B4EB-97CE5D5D4C36}.Release|Any CPU.ActiveCfg = Release|Any CPU
		{BB73674A-10A7-4974-B4EB-97CE5D5D4C36}.Release|Any CPU.Build.0 = Release|Any CPU
		{BB73674A-10A7-4974-B4EB-97CE5D5D4C36}.Release|Any CPU.Deploy.0 = Release|Any CPU
		{BB73674A-10A7-4974-B4EB-97CE5D5D4C36}.Release|ARM.ActiveCfg = Release|Any CPU
		{BB73674A-10A7-4974-B4EB-97CE5D5D4C36}.Release|iPhone.ActiveCfg = Release|Any CPU
		{BB73674A-10A7-4974-B4EB-97CE5D5D4C36}.Release|iPhoneSimulator.ActiveCfg = Release|Any CPU
		{BB73674A-10A7-4974-B4EB-97CE5D5D4C36}.Release|Mixed Platforms.ActiveCfg = Release|Any CPU
		{BB73674A-10A7-4974-B4EB-97CE5D5D4C36}.Release|Mixed Platforms.Build.0 = Release|Any CPU
		{BB73674A-10A7-4974-B4EB-97CE5D5D4C36}.Release|Mixed Platforms.Deploy.0 = Release|Any CPU
		{BB73674A-10A7-4974-B4EB-97CE5D5D4C36}.Release|x86.ActiveCfg = Release|Any CPU
	EndGlobalSection
	GlobalSection(SolutionProperties) = preSolution
		HideSolutionNode = FALSE
	EndGlobalSection
	GlobalSection(MonoDevelopProperties) = preSolution
		StartupItem = WahooMobile\WahooMobile.Android\WahooMobile.Android.csproj
	EndGlobalSection
EndGlobal
